
Microsoft Visual Studio Solution File, Format Version 12.00
# Visual Studio Version 16
VisualStudioVersion = 16.0.31402.337
MinimumVisualStudioVersion = 10.0.40219.1
Project("{FAE04EC0-301F-11D3-BF4B-00C04F79EFBC}") = "RozkladJazdyPociagow", "RozkladJazdyPociagow\RozkladJazdyPociagow.csproj", "{1298080E-5EB5-4629-BC20-A22E4DCCCB09}"
EndProject
Global
	GlobalSection(SolutionConfigurationPlatforms) = preSolution
		Debug|Any CPU = Debug|Any CPU
		Release|Any CPU = Release|Any CPU
	EndGlobalSection
	GlobalSection(ProjectConfigurationPlatforms) = postSolution
		{1298080E-5EB5-4629-BC20-A22E4DCCCB09}.Debug|Any CPU.ActiveCfg = Debug|Any CPU
		{1298080E-5EB5-4629-BC20-A22E4DCCCB09}.Debug|Any CPU.Build.0 = Debug|Any CPU
		{1298080E-5EB5-4629-BC20-A22E4DCCCB09}.Release|Any CPU.ActiveCfg = Release|Any CPU
		{1298080E-5EB5-4629-BC20-A22E4DCCCB09}.Release|Any CPU.Build.0 = Release|Any CPU
	EndGlobalSection
	GlobalSection(SolutionProperties) = preSolution
		HideSolutionNode = FALSE
	EndGlobalSection
	GlobalSection(ExtensibilityGlobals) = postSolution
		SolutionGuid = {D72EB9F0-C859-4B24-B431-9F92375BD330}
	EndGlobalSection
EndGlobal
